
Microsoft Visual Studio Solution File, Format Version 11.00
# Visual C# Express 2010
Project("{FAE04EC0-301F-11D3-BF4B-00C04F79EFBC}") = "IntegerList", "IntegerList\IntegerList.csproj", "{C64671FB-6BE2-48B0-A2BC-F1DD6FA40346}"
EndProject
Project("{FAE04EC0-301F-11D3-BF4B-00C04F79EFBC}") = "CheckZips", "CheckZips\CheckZips.csproj", "{38738DBB-58B5-4D69-AAF7-99BC7E020E42}"
EndProject
Project("{FAE04EC0-301F-11D3-BF4B-00C04F79EFBC}") = "ChatAWhile", "ChatAWhile\ChatAWhile.csproj", "{1CEE228E-1468-470D-BCCC-6C0CCA974AAB}"
EndProject
Global
	GlobalSection(SolutionConfigurationPlatforms) = preSolution
		Debug|x86 = Debug|x86
		Release|x86 = Release|x86
	EndGlobalSection
	GlobalSection(ProjectConfigurationPlatforms) = postSolution
		{C64671FB-6BE2-48B0-A2BC-F1DD6FA40346}.Debug|x86.ActiveCfg = Debug|x86
		{C64671FB-6BE2-48B0-A2BC-F1DD6FA40346}.Debug|x86.Build.0 = Debug|x86
		{C64671FB-6BE2-48B0-A2BC-F1DD6FA40346}.Release|x86.ActiveCfg = Release|x86
		{C64671FB-6BE2-48B0-A2BC-F1DD6FA40346}.Release|x86.Build.0 = Release|x86
		{38738DBB-58B5-4D69-AAF7-99BC7E020E42}.Debug|x86.ActiveCfg = Debug|x86
		{38738DBB-58B5-4D69-AAF7-99BC7E020E42}.Debug|x86.Build.0 = Debug|x86
		{38738DBB-58B5-4D69-AAF7-99BC7E020E42}.Release|x86.ActiveCfg = Release|x86
		{38738DBB-58B5-4D69-AAF7-99BC7E020E42}.Release|x86.Build.0 = Release|x86
		{1CEE228E-1468-470D-BCCC-6C0CCA974AAB}.Debug|x86.ActiveCfg = Debug|x86
		{1CEE228E-1468-470D-BCCC-6C0CCA974AAB}.Debug|x86.Build.0 = Debug|x86
		{1CEE228E-1468-470D-BCCC-6C0CCA974AAB}.Release|x86.ActiveCfg = Release|x86
		{1CEE228E-1468-470D-BCCC-6C0CCA974AAB}.Release|x86.Build.0 = Release|x86
	EndGlobalSection
	GlobalSection(SolutionProperties) = preSolution
		HideSolutionNode = FALSE
	EndGlobalSection
EndGlobal
